
Microsoft Visual Studio Solution File, Format Version 12.00
# Visual Studio Version 17
VisualStudioVersion = 17.0.31903.59
MinimumVisualStudioVersion = 10.0.40219.1
Project("{2150E333-8FDC-42A3-9474-1A3956D46DE8}") = "src", "src", "{086223E6-82BA-4B52-8B93-A7CEC0E4BC92}"
EndProject
Project("{FAE04EC0-301F-11D3-BF4B-00C04F79EFBC}") = "PatternsLabs.Repository", "src\PatternsLabs.Repository\PatternsLabs.Repository.csproj", "{CA42EA6F-1C02-4105-8374-8948C4F21AED}"
EndProject
Project("{FAE04EC0-301F-11D3-BF4B-00C04F79EFBC}") = "PatternsLabs.DAO", "src\PatternsLabs.DAO\PatternsLabs.DAO.csproj", "{D879BDFA-5C0D-4E64-B819-7198CFE68596}"
EndProject
Global
	GlobalSection(SolutionConfigurationPlatforms) = preSolution
		Debug|Any CPU = Debug|Any CPU
		Release|Any CPU = Release|Any CPU
	EndGlobalSection
	GlobalSection(SolutionProperties) = preSolution
		HideSolutionNode = FALSE
	EndGlobalSection
	GlobalSection(ProjectConfigurationPlatforms) = postSolution
		{CA42EA6F-1C02-4105-8374-8948C4F21AED}.Debug|Any CPU.ActiveCfg = Debug|Any CPU
		{CA42EA6F-1C02-4105-8374-8948C4F21AED}.Debug|Any CPU.Build.0 = Debug|Any CPU
		{CA42EA6F-1C02-4105-8374-8948C4F21AED}.Release|Any CPU.ActiveCfg = Release|Any CPU
		{CA42EA6F-1C02-4105-8374-8948C4F21AED}.Release|Any CPU.Build.0 = Release|Any CPU
		{D879BDFA-5C0D-4E64-B819-7198CFE68596}.Debug|Any CPU.ActiveCfg = Debug|Any CPU
		{D879BDFA-5C0D-4E64-B819-7198CFE68596}.Debug|Any CPU.Build.0 = Debug|Any CPU
		{D879BDFA-5C0D-4E64-B819-7198CFE68596}.Release|Any CPU.ActiveCfg = Release|Any CPU
		{D879BDFA-5C0D-4E64-B819-7198CFE68596}.Release|Any CPU.Build.0 = Release|Any CPU
	EndGlobalSection
	GlobalSection(NestedProjects) = preSolution
		{CA42EA6F-1C02-4105-8374-8948C4F21AED} = {086223E6-82BA-4B52-8B93-A7CEC0E4BC92}
		{D879BDFA-5C0D-4E64-B819-7198CFE68596} = {086223E6-82BA-4B52-8B93-A7CEC0E4BC92}
	EndGlobalSection
EndGlobal
